// !$*UTF8*$!
{
	archiveVersion = 1;
	classes = {
	};
	objectVersion = 46;
	objects = {

/* Begin PBXBuildFile section */
		A582BF3318A561F40046544F /* Foundation.framework in Frameworks */ = {isa = PBXBuildFile; fileRef = A582BF3218A561F40046544F /* Foundation.framework */; };
		A582BF3518A561F40046544F /* CoreGraphics.framework in Frameworks */ = {isa = PBXBuildFile; fileRef = A582BF3418A561F40046544F /* CoreGraphics.framework */; };
		A582BF3718A561F40046544F /* UIKit.framework in Frameworks */ = {isa = PBXBuildFile; fileRef = A582BF3618A561F40046544F /* UIKit.framework */; };
		A582BF3D18A561F40046544F /* InfoPlist.strings in Resources */ = {isa = PBXBuildFile; fileRef = A582BF3B18A561F40046544F /* InfoPlist.strings */; };
		A582BF3F18A561F40046544F /* main.m in Sources */ = {isa = PBXBuildFile; fileRef = A582BF3E18A561F40046544F /* main.m */; };
		A582BF4318A561F40046544F /* TTAppDelegate.m in Sources */ = {isa = PBXBuildFile; fileRef = A582BF4218A561F40046544F /* TTAppDelegate.m */; };
		A582BF4618A561F40046544F /* Main.storyboard in Resources */ = {isa = PBXBuildFile; fileRef = A582BF4418A561F40046544F /* Main.storyboard */; };
		A582BF4918A561F40046544F /* TTViewController.m in Sources */ = {isa = PBXBuildFile; fileRef = A582BF4818A561F40046544F /* TTViewController.m */; };
		A582BF4B18A561F40046544F /* Images.xcassets in Resources */ = {isa = PBXBuildFile; fileRef = A582BF4A18A561F40046544F /* Images.xcassets */; };
		A582BF5218A561F40046544F /* XCTest.framework in Frameworks */ = {isa = PBXBuildFile; fileRef = A582BF5118A561F40046544F /* XCTest.framework */; };
		A582BF5318A561F40046544F /* Foundation.framework in Frameworks */ = {isa = PBXBuildFile; fileRef = A582BF3218A561F40046544F /* Foundation.framework */; };
		A582BF5418A561F40046544F /* UIKit.framework in Frameworks */ = {isa = PBXBuildFile; fileRef = A582BF3618A561F40046544F /* UIKit.framework */; };
		A582BF5C18A561F40046544F /* InfoPlist.strings in Resources */ = {isa = PBXBuildFile; fileRef = A582BF5A18A561F40046544F /* InfoPlist.strings */; };
		A582BF5E18A561F40046544F /* MultithreadingTests.m in Sources */ = {isa = PBXBuildFile; fileRef = A582BF5D18A561F40046544F /* MultithreadingTests.m */; };
/* End PBXBuildFile section */

/* Begin PBXContainerItemProxy section */
		A582BF5518A561F40046544F /* PBXContainerItemProxy */ = {
			isa = PBXContainerItemProxy;
			containerPortal = A582BF2718A561F40046544F /* Project object */;
			proxyType = 1;
			remoteGlobalIDString = A582BF2E18A561F40046544F;
			remoteInfo = Multithreading;
		};
/* End PBXContainerItemProxy section */

/* Begin PBXFileReference section */
		A582BF2F18A561F40046544F /* Multithreading.app */ = {isa = PBXFileReference; explicitFileType = wrapper.application; includeInIndex = 0; path = Multithreading.app; sourceTree = BUILT_PRODUCTS_DIR; };
		A582BF3218A561F40046544F /* Foundation.framework */ = {isa = PBXFileReference; lastKnownFileType = wrapper.framework; name = Foundation.framework; path = System/Library/Frameworks/Foundation.framework; sourceTree = SDKROOT; };
		A582BF3418A561F40046544F /* CoreGraphics.framework */ = {isa = PBXFileReference; lastKnownFileType = wrapper.framework; name = CoreGraphics.framework; path = System/Library/Frameworks/CoreGraphics.framework; sourceTree = SDKROOT; };
		A582BF3618A561F40046544F /* UIKit.framework */ = {isa = PBXFileReference; lastKnownFileType = wrapper.framework; name = UIKit.framework; path = System/Library/Frameworks/UIKit.framework; sourceTree = SDKROOT; };
		A582BF3A18A561F40046544F /* Multithreading-Info.plist */ = {isa = PBXFileReference; lastKnownFileType = text.plist.xml; path = "Multithreading-Info.plist"; sourceTree = "<group>"; };
		A582BF3C18A561F40046544F /* en */ = {isa = PBXFileReference; lastKnownFileType = text.plist.strings; name = en; path = en.lproj/InfoPlist.strings; sourceTree = "<group>"; };
		A582BF3E18A561F40046544F /* main.m */ = {isa = PBXFileReference; lastKnownFileType = sourcecode.c.objc; path = main.m; sourceTree = "<group>"; };
		A582BF4018A561F40046544F /* Multithreading-Prefix.pch */ = {isa = PBXFileReference; lastKnownFileType = sourcecode.c.h; path = "Multithreading-Prefix.pch"; sourceTree = "<group>"; };
		A582BF4118A561F40046544F /* TTAppDelegate.h */ = {isa = PBXFileReference; lastKnownFileType = sourcecode.c.h; path = TTAppDelegate.h; sourceTree = "<group>"; };
		A582BF4218A561F40046544F /* TTAppDelegate.m */ = {isa = PBXFileReference; lastKnownFileType = sourcecode.c.objc; path = TTAppDelegate.m; sourceTree = "<group>"; };
		A582BF4518A561F40046544F /* Base */ = {isa = PBXFileReference; lastKnownFileType = file.storyboard; name = Base; path = Base.lproj/Main.storyboard; sourceTree = "<group>"; };
		A582BF4718A561F40046544F /* TTViewController.h */ = {isa = PBXFileReference; lastKnownFileType = sourcecode.c.h; path = TTViewController.h; sourceTree = "<group>"; };
		A582BF4818A561F40046544F /* TTViewController.m */ = {isa = PBXFileReference; lastKnownFileType = sourcecode.c.objc; path = TTViewController.m; sourceTree = "<group>"; };
		A582BF4A18A561F40046544F /* Images.xcassets */ = {isa = PBXFileReference; lastKnownFileType = folder.assetcatalog; path = Images.xcassets; sourceTree = "<group>"; };
		A582BF5018A561F40046544F /* MultithreadingTests.xctest */ = {isa = PBXFileReference; explicitFileType = wrapper.cfbundle; includeInIndex = 0; path = MultithreadingTests.xctest; sourceTree = BUILT_PRODUCTS_DIR; };
		A582BF5118A561F40046544F /* XCTest.framework */ = {isa = PBXFileReference; lastKnownFileType = wrapper.framework; name = XCTest.framework; path = Library/Frameworks/XCTest.framework; sourceTree = DEVELOPER_DIR; };
		A582BF5918A561F40046544F /* MultithreadingTests-Info.plist */ = {isa = PBXFileReference; lastKnownFileType = text.plist.xml; path = "MultithreadingTests-Info.plist"; sourceTree = "<group>"; };
		A582BF5B18A561F40046544F /* en */ = {isa = PBXFileReference; lastKnownFileType = text.plist.strings; name = en; path = en.lproj/InfoPlist.strings; sourceTree = "<group>"; };
		A582BF5D18A561F40046544F /* MultithreadingTests.m */ = {isa = PBXFileReference; lastKnownFileType = sourcecode.c.objc; path = MultithreadingTests.m; sourceTree = "<group>"; };
/* End PBXFileReference section */

/* Begin PBXFrameworksBuildPhase section */
		A582BF2C18A561F40046544F /* Frameworks */ = {
			isa = PBXFrameworksBuildPhase;
			buildActionMask = 2147483647;
			files = (
				A582BF3518A561F40046544F /* CoreGraphics.framework in Frameworks */,
				A582BF3718A561F40046544F /* UIKit.framework in Frameworks */,
				A582BF3318A561F40046544F /* Foundation.framework in Frameworks */,
			);
			runOnlyForDeploymentPostprocessing = 0;
		};
		A582BF4D18A561F40046544F /* Frameworks */ = {
			isa = PBXFrameworksBuildPhase;
			buildActionMask = 2147483647;
			files = (
				A582BF5218A561F40046544F /* XCTest.framework in Frameworks */,
				A582BF5418A561F40046544F /* UIKit.framework in Frameworks */,
				A582BF5318A561F40046544F /* Foundation.framework in Frameworks */,
			);
			runOnlyForDeploymentPostprocessing = 0;
		};
/* End PBXFrameworksBuildPhase section */

/* Begin PBXGroup section */
		A582BF2618A561F40046544F = {
			isa = PBXGroup;
			children = (
				A582BF3818A561F40046544F /* Multithreading */,
				A582BF5718A561F40046544F /* MultithreadingTests */,
				A582BF3118A561F40046544F /* Frameworks */,
				A582BF3018A561F40046544F /* Products */,
			);
			sourceTree = "<group>";
		};
		A582BF3018A561F40046544F /* Products */ = {
			isa = PBXGroup;
			children = (
				A582BF2F18A561F40046544F /* Multithreading.app */,
				A582BF5018A561F40046544F /* MultithreadingTests.xctest */,
			);
			name = Products;
			sourceTree = "<group>";
		};
		A582BF3118A561F40046544F /* Frameworks */ = {
			isa = PBXGroup;
			children = (
				A582BF3218A561F40046544F /* Foundation.framework */,
				A582BF3418A561F40046544F /* CoreGraphics.framework */,
				A582BF3618A561F40046544F /* UIKit.framework */,
				A582BF5118A561F40046544F /* XCTest.framework */,
			);
			name = Frameworks;
			sourceTree = "<group>";
		};
		A582BF3818A561F40046544F /* Multithreading */ = {
			isa = PBXGroup;
			children = (
				A582BF4118A561F40046544F /* TTAppDelegate.h */,
				A582BF4218A561F40046544F /* TTAppDelegate.m */,
				A582BF4418A561F40046544F /* Main.storyboard */,
				A582BF4718A561F40046544F /* TTViewController.h */,
				A582BF4818A561F40046544F /* TTViewController.m */,
				A582BF4A18A561F40046544F /* Images.xcassets */,
				A582BF3918A561F40046544F /* Supporting Files */,
			);
			path = Multithreading;
			sourceTree = "<group>";
		};
		A582BF3918A561F40046544F /* Supporting Files */ = {
			isa = PBXGroup;
			children = (
				A582BF3A18A561F40046544F /* Multithreading-Info.plist */,
				A582BF3B18A561F40046544F /* InfoPlist.strings */,
				A582BF3E18A561F40046544F /* main.m */,
				A582BF4018A561F40046544F /* Multithreading-Prefix.pch */,
			);
			name = "Supporting Files";
			sourceTree = "<group>";
		};
		A582BF5718A561F40046544F /* MultithreadingTests */ = {
			isa = PBXGroup;
			children = (
				A582BF5D18A561F40046544F /* MultithreadingTests.m */,
				A582BF5818A561F40046544F /* Supporting Files */,
			);
			path = MultithreadingTests;
			sourceTree = "<group>";
		};
		A582BF5818A561F40046544F /* Supporting Files */ = {
			isa = PBXGroup;
			children = (
				A582BF5918A561F40046544F /* MultithreadingTests-Info.plist */,
				A582BF5A18A561F40046544F /* InfoPlist.strings */,
			);
			name = "Supporting Files";
			sourceTree = "<group>";
		};
/* End PBXGroup section */

/* Begin PBXNativeTarget section */
		A582BF2E18A561F40046544F /* Multithreading */ = {
			isa = PBXNativeTarget;
			buildConfigurationList = A582BF6118A561F40046544F /* Build configuration list for PBXNativeTarget "Multithreading" */;
			buildPhases = (
				A582BF2B18A561F40046544F /* Sources */,
				A582BF2C18A561F40046544F /* Frameworks */,
				A582BF2D18A561F40046544F /* Resources */,
			);
			buildRules = (
			);
			dependencies = (
			);
			name = Multithreading;
			productName = Multithreading;
			productReference = A582BF2F18A561F40046544F /* Multithreading.app */;
			productType = "com.apple.product-type.application";
		};
		A582BF4F18A561F40046544F /* MultithreadingTests */ = {
			isa = PBXNativeTarget;
			buildConfigurationList = A582BF6418A561F40046544F /* Build configuration list for PBXNativeTarget "MultithreadingTests" */;
			buildPhases = (
				A582BF4C18A561F40046544F /* Sources */,
				A582BF4D18A561F40046544F /* Frameworks */,
				A582BF4E18A561F40046544F /* Resources */,
			);
			buildRules = (
			);
			dependencies = (
				A582BF5618A561F40046544F /* PBXTargetDependency */,
			);
			name = MultithreadingTests;
			productName = MultithreadingTests;
			productReference = A582BF5018A561F40046544F /* MultithreadingTests.xctest */;
			productType = "com.apple.product-type.bundle.unit-test";
		};
/* End PBXNativeTarget section */

/* Begin PBXProject section */
		A582BF2718A561F40046544F /* Project object */ = {
			isa = PBXProject;
			attributes = {
				CLASSPREFIX = TT;
				LastUpgradeCheck = 0500;
				ORGANIZATIONNAME = sergey;
				TargetAttributes = {
					A582BF4F18A561F40046544F = {
						TestTargetID = A582BF2E18A561F40046544F;
					};
				};
			};
			buildConfigurationList = A582BF2A18A561F40046544F /* Build configuration list for PBXProject "Multithreading" */;
			compatibilityVersion = "Xcode 3.2";
			developmentRegion = English;
			hasScannedForEncodings = 0;
			knownRegions = (
				en,
				Base,
			);
			mainGroup = A582BF2618A561F40046544F;
			productRefGroup = A582BF3018A561F40046544F /* Products */;
			projectDirPath = "";
			projectRoot = "";
			targets = (
				A582BF2E18A561F40046544F /* Multithreading */,
				A582BF4F18A561F40046544F /* MultithreadingTests */,
			);
		};
/* End PBXProject section */

/* Begin PBXResourcesBuildPhase section */
		A582BF2D18A561F40046544F /* Resources */ = {
			isa = PBXResourcesBuildPhase;
			buildActionMask = 2147483647;
			files = (
				A582BF4B18A561F40046544F /* Images.xcassets in Resources */,
				A582BF3D18A561F40046544F /* InfoPlist.strings in Resources */,
				A582BF4618A561F40046544F /* Main.storyboard in Resources */,
			);
			runOnlyForDeploymentPostprocessing = 0;
		};
		A582BF4E18A561F40046544F /* Resources */ = {
			isa = PBXResourcesBuildPhase;
			buildActionMask = 2147483647;
			files = (
				A582BF5C18A561F40046544F /* InfoPlist.strings in Resources */,
			);
			runOnlyForDeploymentPostprocessing = 0;
		};
/* End PBXResourcesBuildPhase section */

/* Begin PBXSourcesBuildPhase section */
		A582BF2B18A561F40046544F /* Sources */ = {
			isa = PBXSourcesBuildPhase;
			buildActionMask = 2147483647;
			files = (
				A582BF4318A561F40046544F /* TTAppDelegate.m in Sources */,
				A582BF3F18A561F40046544F /* main.m in Sources */,
				A582BF4918A561F40046544F /* TTViewController.m in Sources */,
			);
			runOnlyForDeploymentPostprocessing = 0;
		};
		A582BF4C18A561F40046544F /* Sources */ = {
			isa = PBXSourcesBuildPhase;
			buildActionMask = 2147483647;
			files = (
				A582BF5E18A561F40046544F /* MultithreadingTests.m in Sources */,
			);
			runOnlyForDeploymentPostprocessing = 0;
		};
/* End PBXSourcesBuildPhase section */

/* Begin PBXTargetDependency section */
		A582BF5618A561F40046544F /* PBXTargetDependency */ = {
			isa = PBXTargetDependency;
			target = A582BF2E18A561F40046544F /* Multithreading */;
			targetProxy = A582BF5518A561F40046544F /* PBXContainerItemProxy */;
		};
/* End PBXTargetDependency section */

/* Begin PBXVariantGroup section */
		A582BF3B18A561F40046544F /* InfoPlist.strings */ = {
			isa = PBXVariantGroup;
			children = (
				A582BF3C18A561F40046544F /* en */,
			);
			name = InfoPlist.strings;
			sourceTree = "<group>";
		};
		A582BF4418A561F40046544F /* Main.storyboard */ = {
			isa = PBXVariantGroup;
			children = (
				A582BF4518A561F40046544F /* Base */,
			);
			name = Main.storyboard;
			sourceTree = "<group>";
		};
		A582BF5A18A561F40046544F /* InfoPlist.strings */ = {
			isa = PBXVariantGroup;
			children = (
				A582BF5B18A561F40046544F /* en */,
			);
			name = InfoPlist.strings;
			sourceTree = "<group>";
		};
/* End PBXVariantGroup section */

/* Begin XCBuildConfiguration section */
		A582BF5F18A561F40046544F /* Debug */ = {
			isa = XCBuildConfiguration;
			buildSettings = {
				ALWAYS_SEARCH_USER_PATHS = NO;
				ARCHS = "$(ARCHS_STANDARD_INCLUDING_64_BIT)";
				CLANG_CXX_LANGUAGE_STANDARD = "gnu++0x";
				CLANG_CXX_LIBRARY = "libc++";
				CLANG_ENABLE_MODULES = YES;
				CLANG_ENABLE_OBJC_ARC = YES;
				CLANG_WARN_BOOL_CONVERSION = YES;
				CLANG_WARN_CONSTANT_CONVERSION = YES;
				CLANG_WARN_DIRECT_OBJC_ISA_USAGE = YES_ERROR;
				CLANG_WARN_EMPTY_BODY = YES;
				CLANG_WARN_ENUM_CONVERSION = YES;
				CLANG_WARN_INT_CONVERSION = YES;
				CLANG_WARN_OBJC_ROOT_CLASS = YES_ERROR;
				CLANG_WARN__DUPLICATE_METHOD_MATCH = YES;
				"CODE_SIGN_IDENTITY[sdk=iphoneos*]" = "iPhone Developer";
				COPY_PHASE_STRIP = NO;
				GCC_C_LANGUAGE_STANDARD = gnu99;
				GCC_DYNAMIC_NO_PIC = NO;
				GCC_OPTIMIZATION_LEVEL = 0;
				GCC_PREPROCESSOR_DEFINITIONS = (
					"DEBUG=1",
					"$(inherited)",
				);
				GCC_SYMBOLS_PRIVATE_EXTERN = NO;
				GCC_WARN_64_TO_32_BIT_CONVERSION = YES;
				GCC_WARN_ABOUT_RETURN_TYPE = YES_ERROR;
				GCC_WARN_UNDECLARED_SELECTOR = YES;
				GCC_WARN_UNINITIALIZED_AUTOS = YES;
				GCC_WARN_UNUSED_FUNCTION = YES;
				GCC_WARN_UNUSED_VARIABLE = YES;
				IPHONEOS_DEPLOYMENT_TARGET = 7.0;
				ONLY_ACTIVE_ARCH = YES;
				SDKROOT = iphoneos;
			};
			name = Debug;
		};
		A582BF6018A561F40046544F /* Release */ = {
			isa = XCBuildConfiguration;
			buildSettings = {
				ALWAYS_SEARCH_USER_PATHS = NO;
				ARCHS = "$(ARCHS_STANDARD_INCLUDING_64_BIT)";
				CLANG_CXX_LANGUAGE_STANDARD = "gnu++0x";
				CLANG_CXX_LIBRARY = "libc++";
				CLANG_ENABLE_MODULES = YES;
				CLANG_ENABLE_OBJC_ARC = YES;
				CLANG_WARN_BOOL_CONVERSION = YES;
				CLANG_WARN_CONSTANT_CONVERSION = YES;
				CLANG_WARN_DIRECT_OBJC_ISA_USAGE = YES_ERROR;
				CLANG_WARN_EMPTY_BODY = YES;
				CLANG_WARN_ENUM_CONVERSION = YES;
				CLANG_WARN_INT_CONVERSION = YES;
				CLANG_WARN_OBJC_ROOT_CLASS = YES_ERROR;
				CLANG_WARN__DUPLICATE_METHOD_MATCH = YES;
				"CODE_SIGN_IDENTITY[sdk=iphoneos*]" = "iPhone Developer";
				COPY_PHASE_STRIP = YES;
				ENABLE_NS_ASSERTIONS = NO;
				GCC_C_LANGUAGE_STANDARD = gnu99;
				GCC_WARN_64_TO_32_BIT_CONVERSION = YES;
				GCC_WARN_ABOUT_RETURN_TYPE = YES_ERROR;
				GCC_WARN_UNDECLARED_SELECTOR = YES;
				GCC_WARN_UNINITIALIZED_AUTOS = YES;
				GCC_WARN_UNUSED_FUNCTION = YES;
				GCC_WARN_UNUSED_VARIABLE = YES;
				IPHONEOS_DEPLOYMENT_TARGET = 7.0;
				SDKROOT = iphoneos;
				VALIDATE_PRODUCT = YES;
			};
			name = Release;
		};
		A582BF6218A561F40046544F /* Debug */ = {
			isa = XCBuildConfiguration;
			buildSettings = {
				ASSETCATALOG_COMPILER_APPICON_NAME = AppIcon;
				ASSETCATALOG_COMPILER_LAUNCHIMAGE_NAME = LaunchImage;
				GCC_PRECOMPILE_PREFIX_HEADER = YES;
				GCC_PREFIX_HEADER = "Multithreading/Multithreading-Prefix.pch";
				INFOPLIST_FILE = "Multithreading/Multithreading-Info.plist";
				PRODUCT_NAME = "$(TARGET_NAME)";
				WRAPPER_EXTENSION = app;
			};
			name = Debug;
		};
		A582BF6318A561F40046544F /* Release */ = {
			isa = XCBuildConfiguration;
			buildSettings = {
				ASSETCATALOG_COMPILER_APPICON_NAME = AppIcon;
				ASSETCATALOG_COMPILER_LAUNCHIMAGE_NAME = LaunchImage;
				GCC_PRECOMPILE_PREFIX_HEADER = YES;
				GCC_PREFIX_HEADER = "Multithreading/Multithreading-Prefix.pch";
				INFOPLIST_FILE = "Multithreading/Multithreading-Info.plist";
				PRODUCT_NAME = "$(TARGET_NAME)";
				WRAPPER_EXTENSION = app;
			};
			name = Release;
		};
		A582BF6518A561F40046544F /* Debug */ = {
			isa = XCBuildConfiguration;
			buildSettings = {
				ARCHS = "$(ARCHS_STANDARD_INCLUDING_64_BIT)";
				BUNDLE_LOADER = "$(BUILT_PRODUCTS_DIR)/Multithreading.app/Multithreading";
				FRAMEWORK_SEARCH_PATHS = (
					"$(SDKROOT)/Developer/Library/Frameworks",
					"$(inherited)",
					"$(DEVELOPER_FRAMEWORKS_DIR)",
				);
				GCC_PRECOMPILE_PREFIX_HEADER = YES;
				GCC_PREFIX_HEADER = "Multithreading/Multithreading-Prefix.pch";
				GCC_PREPROCESSOR_DEFINITIONS = (
					"DEBUG=1",
					"$(inherited)",
				);
				INFOPLIST_FILE = "MultithreadingTests/MultithreadingTests-Info.plist";
				PRODUCT_NAME = "$(TARGET_NAME)";
				TEST_HOST = "$(BUNDLE_LOADER)";
				WRAPPER_EXTENSION = xctest;
			};
			name = Debug;
		};
		A582BF6618A561F40046544F /* Release */ = {
			isa = XCBuildConfiguration;
			buildSettings = {
				ARCHS = "$(ARCHS_STANDARD_INCLUDING_64_BIT)";
				BUNDLE_LOADER = "$(BUILT_PRODUCTS_DIR)/Multithreading.app/Multithreading";
				FRAMEWORK_SEARCH_PATHS = (
					"$(SDKROOT)/Developer/Library/Frameworks",
					"$(inherited)",
					"$(DEVELOPER_FRAMEWORKS_DIR)",
				);
				GCC_PRECOMPILE_PREFIX_HEADER = YES;
				GCC_PREFIX_HEADER = "Multithreading/Multithreading-Prefix.pch";
				INFOPLIST_FILE = "MultithreadingTests/MultithreadingTests-Info.plist";
				PRODUCT_NAME = "$(TARGET_NAME)";
				TEST_HOST = "$(BUNDLE_LOADER)";
				WRAPPER_EXTENSION = xctest;
			};
			name = Release;
		};
/* End XCBuildConfiguration section */

/* Begin XCConfigurationList section */
		A582BF2A18A561F40046544F /* Build configuration list for PBXProject "Multithreading" */ = {
			isa = XCConfigurationList;
			buildConfigurations = (
				A582BF5F18A561F40046544F /* Debug */,
				A582BF6018A561F40046544F /* Release */,
			);
			defaultConfigurationIsVisible = 0;
			defaultConfigurationName = Release;
		};
		A582BF6118A561F40046544F /* Build configuration list for PBXNativeTarget "Multithreading" */ = {
			isa = XCConfigurationList;
			buildConfigurations = (
				A582BF6218A561F40046544F /* Debug */,
				A582BF6318A561F40046544F /* Release */,
			);
			defaultConfigurationIsVisible = 0;
		};
		A582BF6418A561F40046544F /* Build configuration list for PBXNativeTarget "MultithreadingTests" */ = {
			isa = XCConfigurationList;
			buildConfigurations = (
				A582BF6518A561F40046544F /* Debug */,
				A582BF6618A561F40046544F /* Release */,
			);
			defaultConfigurationIsVisible = 0;
		};
/* End XCConfigurationList section */
	};
	rootObject = A582BF2718A561F40046544F /* Project object */;
}
